
Microsoft Visual Studio Solution File, Format Version 12.00
# Visual Studio Version 17
VisualStudioVersion = 17.4.33205.214
MinimumVisualStudioVersion = 10.0.40219.1
Project("{9A19103F-16F7-4668-BE54-9A1E7A4F7556}") = "eDentist_rabbitmq", "eDentist_rabbitmq.csproj", "{403608F5-60A5-432B-A2FF-840C98629B7C}"
EndProject
Project("{2150E333-8FDC-42A3-9474-1A3956D46DE8}") = "Solution Items", "Solution Items", "{BF96B571-7452-465C-A519-4B2E78B1541F}"
	ProjectSection(SolutionItems) = preProject
		Dockerfile = Dockerfile
	EndProjectSection
EndProject
Global
	GlobalSection(SolutionConfigurationPlatforms) = preSolution
		Debug|Any CPU = Debug|Any CPU
		Release|Any CPU = Release|Any CPU
	EndGlobalSection
	GlobalSection(ProjectConfigurationPlatforms) = postSolution
		{403608F5-60A5-432B-A2FF-840C98629B7C}.Debug|Any CPU.ActiveCfg = Debug|Any CPU
		{403608F5-60A5-432B-A2FF-840C98629B7C}.Debug|Any CPU.Build.0 = Debug|Any CPU
		{403608F5-60A5-432B-A2FF-840C98629B7C}.Release|Any CPU.ActiveCfg = Release|Any CPU
		{403608F5-60A5-432B-A2FF-840C98629B7C}.Release|Any CPU.Build.0 = Release|Any CPU
	EndGlobalSection
	GlobalSection(SolutionProperties) = preSolution
		HideSolutionNode = FALSE
	EndGlobalSection
	GlobalSection(ExtensibilityGlobals) = postSolution
		SolutionGuid = {E0A3CCE4-C7DA-4BA8-BB68-93CFF87A061C}
	EndGlobalSection
EndGlobal
